// !$*UTF8*$!
{
	archiveVersion = 1;
	classes = {
	};
	objectVersion = 77;
	objects = {

/* Begin PBXBuildFile section */
		FC2534F92D5A4B59005D4A14 /* FirebaseAuth in Frameworks */ = {isa = PBXBuildFile; productRef = FC2534F82D5A4B59005D4A14 /* FirebaseAuth */; };
		FC2534FB2D5A4B59005D4A14 /* FirebaseFirestore in Frameworks */ = {isa = PBXBuildFile; productRef = FC2534FA2D5A4B59005D4A14 /* FirebaseFirestore */; };
		FC2534FD2D5A4B59005D4A14 /* FirebaseStorage in Frameworks */ = {isa = PBXBuildFile; productRef = FC2534FC2D5A4B59005D4A14 /* FirebaseStorage */; };
		FCA476E52D60F3DB00A8A1E1 /* Date + Ext..swift in Sources */ = {isa = PBXBuildFile; fileRef = FCA476C92D60F3DB00A8A1E1 /* Date + Ext..swift */; };
		FCA476E62D60F3DB00A8A1E1 /* OffsetKey.swift in Sources */ = {isa = PBXBuildFile; fileRef = FCA476CA2D60F3DB00A8A1E1 /* OffsetKey.swift */; };
		FCA476E72D60F3DB00A8A1E1 /* View + Ext..swift in Sources */ = {isa = PBXBuildFile; fileRef = FCA476CB2D60F3DB00A8A1E1 /* View + Ext..swift */; };
		FCA476E82D60F3DB00A8A1E1 /* Master.swift in Sources */ = {isa = PBXBuildFile; fileRef = FCA476CD2D60F3DB00A8A1E1 /* Master.swift */; };
		FCA476E92D60F3DB00A8A1E1 /* Profile.swift in Sources */ = {isa = PBXBuildFile; fileRef = FCA476CE2D60F3DB00A8A1E1 /* Profile.swift */; };
		FCA476EA2D60F3DB00A8A1E1 /* TimeSlot.swift in Sources */ = {isa = PBXBuildFile; fileRef = FCA476CF2D60F3DB00A8A1E1 /* TimeSlot.swift */; };
		FCA476EB2D60F3DB00A8A1E1 /* AuthService.swift in Sources */ = {isa = PBXBuildFile; fileRef = FCA476D32D60F3DB00A8A1E1 /* AuthService.swift */; };
		FCA476EC2D60F3DB00A8A1E1 /* FirestoreService.swift in Sources */ = {isa = PBXBuildFile; fileRef = FCA476D42D60F3DB00A8A1E1 /* FirestoreService.swift */; };
		FCA476ED2D60F3DB00A8A1E1 /* AuthObserved.swift in Sources */ = {isa = PBXBuildFile; fileRef = FCA476D62D60F3DB00A8A1E1 /* AuthObserved.swift */; };
		FCA476EE2D60F3DB00A8A1E1 /* AuthView.swift in Sources */ = {isa = PBXBuildFile; fileRef = FCA476D72D60F3DB00A8A1E1 /* AuthView.swift */; };
		FCA476EF2D60F3DB00A8A1E1 /* LeafButton.swift in Sources */ = {isa = PBXBuildFile; fileRef = FCA476D92D60F3DB00A8A1E1 /* LeafButton.swift */; };
		FCA476F02D60F3DB00A8A1E1 /* LeafTextField.swift in Sources */ = {isa = PBXBuildFile; fileRef = FCA476DA2D60F3DB00A8A1E1 /* LeafTextField.swift */; };
		FCA476F12D60F3DB00A8A1E1 /* TimeSlot_Cell.swift in Sources */ = {isa = PBXBuildFile; fileRef = FCA476DB2D60F3DB00A8A1E1 /* TimeSlot_Cell.swift */; };
		FCA476F22D60F3DB00A8A1E1 /* HomeView.swift in Sources */ = {isa = PBXBuildFile; fileRef = FCA476DD2D60F3DB00A8A1E1 /* HomeView.swift */; };
		FCA476F32D60F3DB00A8A1E1 /* WeekView.swift in Sources */ = {isa = PBXBuildFile; fileRef = FCA476DE2D60F3DB00A8A1E1 /* WeekView.swift */; };
		FCA476F42D60F3DB00A8A1E1 /* BookSpecialistApp.swift in Sources */ = {isa = PBXBuildFile; fileRef = FCA476E12D60F3DB00A8A1E1 /* BookSpecialistApp.swift */; };
		FCA476F52D60F3DB00A8A1E1 /* RouteView.swift in Sources */ = {isa = PBXBuildFile; fileRef = FCA476E32D60F3DB00A8A1E1 /* RouteView.swift */; };
		FCA476F62D60F3DB00A8A1E1 /* Preview Assets.xcassets in Resources */ = {isa = PBXBuildFile; fileRef = FCA476D12D60F3DB00A8A1E1 /* Preview Assets.xcassets */; };
		FCA476F72D60F3DB00A8A1E1 /* Assets.xcassets in Resources */ = {isa = PBXBuildFile; fileRef = FCA476E02D60F3DB00A8A1E1 /* Assets.xcassets */; };
		FCA476F82D60F3DB00A8A1E1 /* GoogleService-Info.plist in Resources */ = {isa = PBXBuildFile; fileRef = FCA476E22D60F3DB00A8A1E1 /* GoogleService-Info.plist */; };
		FCA476FC2D60F51100A8A1E1 /* HomeObserved.swift in Sources */ = {isa = PBXBuildFile; fileRef = FCA476FB2D60F51100A8A1E1 /* HomeObserved.swift */; };
/* End PBXBuildFile section */

/* Begin PBXFileReference section */
		FCA216572D3BD26B0083419F /* BookSpecialist.app */ = {isa = PBXFileReference; explicitFileType = wrapper.application; includeInIndex = 0; path = BookSpecialist.app; sourceTree = BUILT_PRODUCTS_DIR; };
		FCA476C92D60F3DB00A8A1E1 /* Date + Ext..swift */ = {isa = PBXFileReference; lastKnownFileType = sourcecode.swift; path = "Date + Ext..swift"; sourceTree = "<group>"; };
		FCA476CA2D60F3DB00A8A1E1 /* OffsetKey.swift */ = {isa = PBXFileReference; lastKnownFileType = sourcecode.swift; path = OffsetKey.swift; sourceTree = "<group>"; };
		FCA476CB2D60F3DB00A8A1E1 /* View + Ext..swift */ = {isa = PBXFileReference; lastKnownFileType = sourcecode.swift; path = "View + Ext..swift"; sourceTree = "<group>"; };
		FCA476CD2D60F3DB00A8A1E1 /* Master.swift */ = {isa = PBXFileReference; lastKnownFileType = sourcecode.swift; path = Master.swift; sourceTree = "<group>"; };
		FCA476CE2D60F3DB00A8A1E1 /* Profile.swift */ = {isa = PBXFileReference; lastKnownFileType = sourcecode.swift; path = Profile.swift; sourceTree = "<group>"; };
		FCA476CF2D60F3DB00A8A1E1 /* TimeSlot.swift */ = {isa = PBXFileReference; lastKnownFileType = sourcecode.swift; path = TimeSlot.swift; sourceTree = "<group>"; };
		FCA476D12D60F3DB00A8A1E1 /* Preview Assets.xcassets */ = {isa = PBXFileReference; lastKnownFileType = folder.assetcatalog; path = "Preview Assets.xcassets"; sourceTree = "<group>"; };
		FCA476D32D60F3DB00A8A1E1 /* AuthService.swift */ = {isa = PBXFileReference; lastKnownFileType = sourcecode.swift; path = AuthService.swift; sourceTree = "<group>"; };
		FCA476D42D60F3DB00A8A1E1 /* FirestoreService.swift */ = {isa = PBXFileReference; lastKnownFileType = sourcecode.swift; path = FirestoreService.swift; sourceTree = "<group>"; };
		FCA476D62D60F3DB00A8A1E1 /* AuthObserved.swift */ = {isa = PBXFileReference; lastKnownFileType = sourcecode.swift; path = AuthObserved.swift; sourceTree = "<group>"; };
		FCA476D72D60F3DB00A8A1E1 /* AuthView.swift */ = {isa = PBXFileReference; lastKnownFileType = sourcecode.swift; path = AuthView.swift; sourceTree = "<group>"; };
		FCA476D92D60F3DB00A8A1E1 /* LeafButton.swift */ = {isa = PBXFileReference; lastKnownFileType = sourcecode.swift; path = LeafButton.swift; sourceTree = "<group>"; };
		FCA476DA2D60F3DB00A8A1E1 /* LeafTextField.swift */ = {isa = PBXFileReference; lastKnownFileType = sourcecode.swift; path = LeafTextField.swift; sourceTree = "<group>"; };
		FCA476DB2D60F3DB00A8A1E1 /* TimeSlot_Cell.swift */ = {isa = PBXFileReference; lastKnownFileType = sourcecode.swift; path = TimeSlot_Cell.swift; sourceTree = "<group>"; };
		FCA476DD2D60F3DB00A8A1E1 /* HomeView.swift */ = {isa = PBXFileReference; lastKnownFileType = sourcecode.swift; path = HomeView.swift; sourceTree = "<group>"; };
		FCA476DE2D60F3DB00A8A1E1 /* WeekView.swift */ = {isa = PBXFileReference; lastKnownFileType = sourcecode.swift; path = WeekView.swift; sourceTree = "<group>"; };
		FCA476E02D60F3DB00A8A1E1 /* Assets.xcassets */ = {isa = PBXFileReference; lastKnownFileType = folder.assetcatalog; path = Assets.xcassets; sourceTree = "<group>"; };
		FCA476E12D60F3DB00A8A1E1 /* BookSpecialistApp.swift */ = {isa = PBXFileReference; lastKnownFileType = sourcecode.swift; path = BookSpecialistApp.swift; sourceTree = "<group>"; };
		FCA476E22D60F3DB00A8A1E1 /* GoogleService-Info.plist */ = {isa = PBXFileReference; lastKnownFileType = text.plist.xml; path = "GoogleService-Info.plist"; sourceTree = "<group>"; };
		FCA476E32D60F3DB00A8A1E1 /* RouteView.swift */ = {isa = PBXFileReference; lastKnownFileType = sourcecode.swift; path = RouteView.swift; sourceTree = "<group>"; };
		FCA476FB2D60F51100A8A1E1 /* HomeObserved.swift */ = {isa = PBXFileReference; lastKnownFileType = sourcecode.swift; path = HomeObserved.swift; sourceTree = "<group>"; };
/* End PBXFileReference section */

/* Begin PBXFrameworksBuildPhase section */
		FCA216542D3BD26B0083419F /* Frameworks */ = {
			isa = PBXFrameworksBuildPhase;
			buildActionMask = 2147483647;
			files = (
				FC2534F92D5A4B59005D4A14 /* FirebaseAuth in Frameworks */,
				FC2534FB2D5A4B59005D4A14 /* FirebaseFirestore in Frameworks */,
				FC2534FD2D5A4B59005D4A14 /* FirebaseStorage in Frameworks */,
			);
			runOnlyForDeploymentPostprocessing = 0;
		};
/* End PBXFrameworksBuildPhase section */

/* Begin PBXGroup section */
		FCA2164E2D3BD26B0083419F = {
			isa = PBXGroup;
			children = (
				FCA476E42D60F3DB00A8A1E1 /* BookSpecialist */,
				FCA216582D3BD26B0083419F /* Products */,
			);
			sourceTree = "<group>";
		};
		FCA216582D3BD26B0083419F /* Products */ = {
			isa = PBXGroup;
			children = (
				FCA216572D3BD26B0083419F /* BookSpecialist.app */,
			);
			name = Products;
			sourceTree = "<group>";
		};
		FCA476CC2D60F3DB00A8A1E1 /* Helpers */ = {
			isa = PBXGroup;
			children = (
				FCA476C92D60F3DB00A8A1E1 /* Date + Ext..swift */,
				FCA476CA2D60F3DB00A8A1E1 /* OffsetKey.swift */,
				FCA476CB2D60F3DB00A8A1E1 /* View + Ext..swift */,
			);
			path = Helpers;
			sourceTree = "<group>";
		};
		FCA476D02D60F3DB00A8A1E1 /* Identifiable */ = {
			isa = PBXGroup;
			children = (
				FCA476CD2D60F3DB00A8A1E1 /* Master.swift */,
				FCA476CE2D60F3DB00A8A1E1 /* Profile.swift */,
				FCA476CF2D60F3DB00A8A1E1 /* TimeSlot.swift */,
			);
			path = Identifiable;
			sourceTree = "<group>";
		};
		FCA476D22D60F3DB00A8A1E1 /* Preview Content */ = {
			isa = PBXGroup;
			children = (
				FCA476D12D60F3DB00A8A1E1 /* Preview Assets.xcassets */,
			);
			path = "Preview Content";
			sourceTree = "<group>";
		};
		FCA476D52D60F3DB00A8A1E1 /* Services */ = {
			isa = PBXGroup;
			children = (
				FCA476D32D60F3DB00A8A1E1 /* AuthService.swift */,
				FCA476D42D60F3DB00A8A1E1 /* FirestoreService.swift */,
			);
			path = Services;
			sourceTree = "<group>";
		};
		FCA476D82D60F3DB00A8A1E1 /* AuthScreen */ = {
			isa = PBXGroup;
			children = (
				FCA476D62D60F3DB00A8A1E1 /* AuthObserved.swift */,
				FCA476D72D60F3DB00A8A1E1 /* AuthView.swift */,
			);
			path = AuthScreen;
			sourceTree = "<group>";
		};
		FCA476DC2D60F3DB00A8A1E1 /* Components */ = {
			isa = PBXGroup;
			children = (
				FCA476D92D60F3DB00A8A1E1 /* LeafButton.swift */,
				FCA476DA2D60F3DB00A8A1E1 /* LeafTextField.swift */,
				FCA476DB2D60F3DB00A8A1E1 /* TimeSlot_Cell.swift */,
			);
			path = Components;
			sourceTree = "<group>";
		};
		FCA476DF2D60F3DB00A8A1E1 /* View */ = {
			isa = PBXGroup;
			children = (
				FCA476D82D60F3DB00A8A1E1 /* AuthScreen */,
				FCA476FA2D60F4CC00A8A1E1 /* HomeScreen */,
				FCA476DC2D60F3DB00A8A1E1 /* Components */,
				FCA476DE2D60F3DB00A8A1E1 /* WeekView.swift */,
			);
			path = View;
			sourceTree = "<group>";
		};
		FCA476E42D60F3DB00A8A1E1 /* BookSpecialist */ = {
			isa = PBXGroup;
			children = (
				FCA476E12D60F3DB00A8A1E1 /* BookSpecialistApp.swift */,
				FCA476E32D60F3DB00A8A1E1 /* RouteView.swift */,
				FCA476CC2D60F3DB00A8A1E1 /* Helpers */,
				FCA476D52D60F3DB00A8A1E1 /* Services */,
				FCA476D02D60F3DB00A8A1E1 /* Identifiable */,
				FCA476DF2D60F3DB00A8A1E1 /* View */,
				FCA476E02D60F3DB00A8A1E1 /* Assets.xcassets */,
				FCA476E22D60F3DB00A8A1E1 /* GoogleService-Info.plist */,
				FCA476D22D60F3DB00A8A1E1 /* Preview Content */,
			);
			path = BookSpecialist;
			sourceTree = "<group>";
		};
		FCA476FA2D60F4CC00A8A1E1 /* HomeScreen */ = {
			isa = PBXGroup;
			children = (
				FCA476DD2D60F3DB00A8A1E1 /* HomeView.swift */,
				FCA476FB2D60F51100A8A1E1 /* HomeObserved.swift */,
			);
			path = HomeScreen;
			sourceTree = "<group>";
		};
/* End PBXGroup section */

/* Begin PBXNativeTarget section */
		FCA216562D3BD26B0083419F /* BookSpecialist */ = {
			isa = PBXNativeTarget;
			buildConfigurationList = FCA216652D3BD26C0083419F /* Build configuration list for PBXNativeTarget "BookSpecialist" */;
			buildPhases = (
				FCA216532D3BD26B0083419F /* Sources */,
				FCA216542D3BD26B0083419F /* Frameworks */,
				FCA216552D3BD26B0083419F /* Resources */,
			);
			buildRules = (
			);
			dependencies = (
			);
			name = BookSpecialist;
			packageProductDependencies = (
				FC2534F82D5A4B59005D4A14 /* FirebaseAuth */,
				FC2534FA2D5A4B59005D4A14 /* FirebaseFirestore */,
				FC2534FC2D5A4B59005D4A14 /* FirebaseStorage */,
			);
			productName = BookSpecialist;
			productReference = FCA216572D3BD26B0083419F /* BookSpecialist.app */;
			productType = "com.apple.product-type.application";
		};
/* End PBXNativeTarget section */

/* Begin PBXProject section */
		FCA2164F2D3BD26B0083419F /* Project object */ = {
			isa = PBXProject;
			attributes = {
				BuildIndependentTargetsInParallel = 1;
				LastSwiftUpdateCheck = 1620;
				LastUpgradeCheck = 1620;
				TargetAttributes = {
					FCA216562D3BD26B0083419F = {
						CreatedOnToolsVersion = 16.2;
					};
				};
			};
			buildConfigurationList = FCA216522D3BD26B0083419F /* Build configuration list for PBXProject "BookSpecialist" */;
			developmentRegion = en;
			hasScannedForEncodings = 0;
			knownRegions = (
				en,
				Base,
			);
			mainGroup = FCA2164E2D3BD26B0083419F;
			minimizedProjectReferenceProxies = 1;
			packageReferences = (
				FC2534F72D5A4B59005D4A14 /* XCRemoteSwiftPackageReference "firebase-ios-sdk" */,
			);
			preferredProjectObjectVersion = 77;
			productRefGroup = FCA216582D3BD26B0083419F /* Products */;
			projectDirPath = "";
			projectRoot = "";
			targets = (
				FCA216562D3BD26B0083419F /* BookSpecialist */,
			);
		};
/* End PBXProject section */

/* Begin PBXResourcesBuildPhase section */
		FCA216552D3BD26B0083419F /* Resources */ = {
			isa = PBXResourcesBuildPhase;
			buildActionMask = 2147483647;
			files = (
				FCA476F62D60F3DB00A8A1E1 /* Preview Assets.xcassets in Resources */,
				FCA476F72D60F3DB00A8A1E1 /* Assets.xcassets in Resources */,
				FCA476F82D60F3DB00A8A1E1 /* GoogleService-Info.plist in Resources */,
			);
			runOnlyForDeploymentPostprocessing = 0;
		};
/* End PBXResourcesBuildPhase section */

/* Begin PBXSourcesBuildPhase section */
		FCA216532D3BD26B0083419F /* Sources */ = {
			isa = PBXSourcesBuildPhase;
			buildActionMask = 2147483647;
			files = (
				FCA476E52D60F3DB00A8A1E1 /* Date + Ext..swift in Sources */,
				FCA476E62D60F3DB00A8A1E1 /* OffsetKey.swift in Sources */,
				FCA476E72D60F3DB00A8A1E1 /* View + Ext..swift in Sources */,
				FCA476E82D60F3DB00A8A1E1 /* Master.swift in Sources */,
				FCA476FC2D60F51100A8A1E1 /* HomeObserved.swift in Sources */,
				FCA476E92D60F3DB00A8A1E1 /* Profile.swift in Sources */,
				FCA476EA2D60F3DB00A8A1E1 /* TimeSlot.swift in Sources */,
				FCA476EB2D60F3DB00A8A1E1 /* AuthService.swift in Sources */,
				FCA476EC2D60F3DB00A8A1E1 /* FirestoreService.swift in Sources */,
				FCA476ED2D60F3DB00A8A1E1 /* AuthObserved.swift in Sources */,
				FCA476EE2D60F3DB00A8A1E1 /* AuthView.swift in Sources */,
				FCA476EF2D60F3DB00A8A1E1 /* LeafButton.swift in Sources */,
				FCA476F02D60F3DB00A8A1E1 /* LeafTextField.swift in Sources */,
				FCA476F12D60F3DB00A8A1E1 /* TimeSlot_Cell.swift in Sources */,
				FCA476F22D60F3DB00A8A1E1 /* HomeView.swift in Sources */,
				FCA476F32D60F3DB00A8A1E1 /* WeekView.swift in Sources */,
				FCA476F42D60F3DB00A8A1E1 /* BookSpecialistApp.swift in Sources */,
				FCA476F52D60F3DB00A8A1E1 /* RouteView.swift in Sources */,
			);
			runOnlyForDeploymentPostprocessing = 0;
		};
/* End PBXSourcesBuildPhase section */

/* Begin XCBuildConfiguration section */
		FCA216632D3BD26C0083419F /* Debug */ = {
			isa = XCBuildConfiguration;
			buildSettings = {
				ALWAYS_SEARCH_USER_PATHS = NO;
				ASSETCATALOG_COMPILER_GENERATE_SWIFT_ASSET_SYMBOL_EXTENSIONS = YES;
				CLANG_ANALYZER_NONNULL = YES;
				CLANG_ANALYZER_NUMBER_OBJECT_CONVERSION = YES_AGGRESSIVE;
				CLANG_CXX_LANGUAGE_STANDARD = "gnu++20";
				CLANG_ENABLE_MODULES = YES;
				CLANG_ENABLE_OBJC_ARC = YES;
				CLANG_ENABLE_OBJC_WEAK = YES;
				CLANG_WARN_BLOCK_CAPTURE_AUTORELEASING = YES;
				CLANG_WARN_BOOL_CONVERSION = YES;
				CLANG_WARN_COMMA = YES;
				CLANG_WARN_CONSTANT_CONVERSION = YES;
				CLANG_WARN_DEPRECATED_OBJC_IMPLEMENTATIONS = YES;
				CLANG_WARN_DIRECT_OBJC_ISA_USAGE = YES_ERROR;
				CLANG_WARN_DOCUMENTATION_COMMENTS = YES;
				CLANG_WARN_EMPTY_BODY = YES;
				CLANG_WARN_ENUM_CONVERSION = YES;
				CLANG_WARN_INFINITE_RECURSION = YES;
				CLANG_WARN_INT_CONVERSION = YES;
				CLANG_WARN_NON_LITERAL_NULL_CONVERSION = YES;
				CLANG_WARN_OBJC_IMPLICIT_RETAIN_SELF = YES;
				CLANG_WARN_OBJC_LITERAL_CONVERSION = YES;
				CLANG_WARN_OBJC_ROOT_CLASS = YES_ERROR;
				CLANG_WARN_QUOTED_INCLUDE_IN_FRAMEWORK_HEADER = YES;
				CLANG_WARN_RANGE_LOOP_ANALYSIS = YES;
				CLANG_WARN_STRICT_PROTOTYPES = YES;
				CLANG_WARN_SUSPICIOUS_MOVE = YES;
				CLANG_WARN_UNGUARDED_AVAILABILITY = YES_AGGRESSIVE;
				CLANG_WARN_UNREACHABLE_CODE = YES;
				CLANG_WARN__DUPLICATE_METHOD_MATCH = YES;
				COPY_PHASE_STRIP = NO;
				DEBUG_INFORMATION_FORMAT = dwarf;
				ENABLE_STRICT_OBJC_MSGSEND = YES;
				ENABLE_TESTABILITY = YES;
				ENABLE_USER_SCRIPT_SANDBOXING = YES;
				GCC_C_LANGUAGE_STANDARD = gnu17;
				GCC_DYNAMIC_NO_PIC = NO;
				GCC_NO_COMMON_BLOCKS = YES;
				GCC_OPTIMIZATION_LEVEL = 0;
				GCC_PREPROCESSOR_DEFINITIONS = (
					"DEBUG=1",
					"$(inherited)",
				);
				GCC_WARN_64_TO_32_BIT_CONVERSION = YES;
				GCC_WARN_ABOUT_RETURN_TYPE = YES_ERROR;
				GCC_WARN_UNDECLARED_SELECTOR = YES;
				GCC_WARN_UNINITIALIZED_AUTOS = YES_AGGRESSIVE;
				GCC_WARN_UNUSED_FUNCTION = YES;
				GCC_WARN_UNUSED_VARIABLE = YES;
				IPHONEOS_DEPLOYMENT_TARGET = 18.2;
				LOCALIZATION_PREFERS_STRING_CATALOGS = YES;
				MTL_ENABLE_DEBUG_INFO = INCLUDE_SOURCE;
				MTL_FAST_MATH = YES;
				ONLY_ACTIVE_ARCH = YES;
				SDKROOT = iphoneos;
				SWIFT_ACTIVE_COMPILATION_CONDITIONS = "DEBUG $(inherited)";
				SWIFT_OPTIMIZATION_LEVEL = "-Onone";
			};
			name = Debug;
		};
		FCA216642D3BD26C0083419F /* Release */ = {
			isa = XCBuildConfiguration;
			buildSettings = {
				ALWAYS_SEARCH_USER_PATHS = NO;
				ASSETCATALOG_COMPILER_GENERATE_SWIFT_ASSET_SYMBOL_EXTENSIONS = YES;
				CLANG_ANALYZER_NONNULL = YES;
				CLANG_ANALYZER_NUMBER_OBJECT_CONVERSION = YES_AGGRESSIVE;
				CLANG_CXX_LANGUAGE_STANDARD = "gnu++20";
				CLANG_ENABLE_MODULES = YES;
				CLANG_ENABLE_OBJC_ARC = YES;
				CLANG_ENABLE_OBJC_WEAK = YES;
				CLANG_WARN_BLOCK_CAPTURE_AUTORELEASING = YES;
				CLANG_WARN_BOOL_CONVERSION = YES;
				CLANG_WARN_COMMA = YES;
				CLANG_WARN_CONSTANT_CONVERSION = YES;
				CLANG_WARN_DEPRECATED_OBJC_IMPLEMENTATIONS = YES;
				CLANG_WARN_DIRECT_OBJC_ISA_USAGE = YES_ERROR;
				CLANG_WARN_DOCUMENTATION_COMMENTS = YES;
				CLANG_WARN_EMPTY_BODY = YES;
				CLANG_WARN_ENUM_CONVERSION = YES;
				CLANG_WARN_INFINITE_RECURSION = YES;
				CLANG_WARN_INT_CONVERSION = YES;
				CLANG_WARN_NON_LITERAL_NULL_CONVERSION = YES;
				CLANG_WARN_OBJC_IMPLICIT_RETAIN_SELF = YES;
				CLANG_WARN_OBJC_LITERAL_CONVERSION = YES;
				CLANG_WARN_OBJC_ROOT_CLASS = YES_ERROR;
				CLANG_WARN_QUOTED_INCLUDE_IN_FRAMEWORK_HEADER = YES;
				CLANG_WARN_RANGE_LOOP_ANALYSIS = YES;
				CLANG_WARN_STRICT_PROTOTYPES = YES;
				CLANG_WARN_SUSPICIOUS_MOVE = YES;
				CLANG_WARN_UNGUARDED_AVAILABILITY = YES_AGGRESSIVE;
				CLANG_WARN_UNREACHABLE_CODE = YES;
				CLANG_WARN__DUPLICATE_METHOD_MATCH = YES;
				COPY_PHASE_STRIP = NO;
				DEBUG_INFORMATION_FORMAT = "dwarf-with-dsym";
				ENABLE_NS_ASSERTIONS = NO;
				ENABLE_STRICT_OBJC_MSGSEND = YES;
				ENABLE_USER_SCRIPT_SANDBOXING = YES;
				GCC_C_LANGUAGE_STANDARD = gnu17;
				GCC_NO_COMMON_BLOCKS = YES;
				GCC_WARN_64_TO_32_BIT_CONVERSION = YES;
				GCC_WARN_ABOUT_RETURN_TYPE = YES_ERROR;
				GCC_WARN_UNDECLARED_SELECTOR = YES;
				GCC_WARN_UNINITIALIZED_AUTOS = YES_AGGRESSIVE;
				GCC_WARN_UNUSED_FUNCTION = YES;
				GCC_WARN_UNUSED_VARIABLE = YES;
				IPHONEOS_DEPLOYMENT_TARGET = 18.2;
				LOCALIZATION_PREFERS_STRING_CATALOGS = YES;
				MTL_ENABLE_DEBUG_INFO = NO;
				MTL_FAST_MATH = YES;
				SDKROOT = iphoneos;
				SWIFT_COMPILATION_MODE = wholemodule;
				VALIDATE_PRODUCT = YES;
			};
			name = Release;
		};
		FCA216662D3BD26C0083419F /* Debug */ = {
			isa = XCBuildConfiguration;
			buildSettings = {
				ASSETCATALOG_COMPILER_APPICON_NAME = AppIcon;
				ASSETCATALOG_COMPILER_GLOBAL_ACCENT_COLOR_NAME = AccentColor;
				CODE_SIGN_STYLE = Automatic;
				CURRENT_PROJECT_VERSION = 1;
				DEVELOPMENT_ASSET_PATHS = "\"BookSpecialist/Preview Content\"";
				DEVELOPMENT_TEAM = 527U829H6E;
				ENABLE_PREVIEWS = YES;
				GENERATE_INFOPLIST_FILE = YES;
				INFOPLIST_KEY_UIApplicationSceneManifest_Generation = YES;
				INFOPLIST_KEY_UIApplicationSupportsIndirectInputEvents = YES;
				INFOPLIST_KEY_UILaunchScreen_Generation = YES;
				INFOPLIST_KEY_UISupportedInterfaceOrientations_iPad = "UIInterfaceOrientationPortrait UIInterfaceOrientationPortraitUpsideDown UIInterfaceOrientationLandscapeLeft UIInterfaceOrientationLandscapeRight";
				INFOPLIST_KEY_UISupportedInterfaceOrientations_iPhone = "UIInterfaceOrientationPortrait UIInterfaceOrientationLandscapeLeft UIInterfaceOrientationLandscapeRight";
				IPHONEOS_DEPLOYMENT_TARGET = 17.0;
				LD_RUNPATH_SEARCH_PATHS = (
					"$(inherited)",
					"@executable_path/Frameworks",
				);
				MARKETING_VERSION = 1.0;
				PRODUCT_BUNDLE_IDENTIFIER = AlexKolch.BookSpecialist;
				PRODUCT_NAME = "$(TARGET_NAME)";
				SUPPORTED_PLATFORMS = "iphoneos iphonesimulator";
				SUPPORTS_MACCATALYST = NO;
				SUPPORTS_MAC_DESIGNED_FOR_IPHONE_IPAD = NO;
				SUPPORTS_XR_DESIGNED_FOR_IPHONE_IPAD = NO;
				SWIFT_EMIT_LOC_STRINGS = YES;
				SWIFT_VERSION = 5.0;
				TARGETED_DEVICE_FAMILY = "1,2";
			};
			name = Debug;
		};
		FCA216672D3BD26C0083419F /* Release */ = {
			isa = XCBuildConfiguration;
			buildSettings = {
				ASSETCATALOG_COMPILER_APPICON_NAME = AppIcon;
				ASSETCATALOG_COMPILER_GLOBAL_ACCENT_COLOR_NAME = AccentColor;
				CODE_SIGN_STYLE = Automatic;
				CURRENT_PROJECT_VERSION = 1;
				DEVELOPMENT_ASSET_PATHS = "\"BookSpecialist/Preview Content\"";
				DEVELOPMENT_TEAM = 527U829H6E;
				ENABLE_PREVIEWS = YES;
				GENERATE_INFOPLIST_FILE = YES;
				INFOPLIST_KEY_UIApplicationSceneManifest_Generation = YES;
				INFOPLIST_KEY_UIApplicationSupportsIndirectInputEvents = YES;
				INFOPLIST_KEY_UILaunchScreen_Generation = YES;
				INFOPLIST_KEY_UISupportedInterfaceOrientations_iPad = "UIInterfaceOrientationPortrait UIInterfaceOrientationPortraitUpsideDown UIInterfaceOrientationLandscapeLeft UIInterfaceOrientationLandscapeRight";
				INFOPLIST_KEY_UISupportedInterfaceOrientations_iPhone = "UIInterfaceOrientationPortrait UIInterfaceOrientationLandscapeLeft UIInterfaceOrientationLandscapeRight";
				IPHONEOS_DEPLOYMENT_TARGET = 17.0;
				LD_RUNPATH_SEARCH_PATHS = (
					"$(inherited)",
					"@executable_path/Frameworks",
				);
				MARKETING_VERSION = 1.0;
				PRODUCT_BUNDLE_IDENTIFIER = AlexKolch.BookSpecialist;
				PRODUCT_NAME = "$(TARGET_NAME)";
				SUPPORTED_PLATFORMS = "iphoneos iphonesimulator";
				SUPPORTS_MACCATALYST = NO;
				SUPPORTS_MAC_DESIGNED_FOR_IPHONE_IPAD = NO;
				SUPPORTS_XR_DESIGNED_FOR_IPHONE_IPAD = NO;
				SWIFT_EMIT_LOC_STRINGS = YES;
				SWIFT_VERSION = 5.0;
				TARGETED_DEVICE_FAMILY = "1,2";
			};
			name = Release;
		};
/* End XCBuildConfiguration section */

/* Begin XCConfigurationList section */
		FCA216522D3BD26B0083419F /* Build configuration list for PBXProject "BookSpecialist" */ = {
			isa = XCConfigurationList;
			buildConfigurations = (
				FCA216632D3BD26C0083419F /* Debug */,
				FCA216642D3BD26C0083419F /* Release */,
			);
			defaultConfigurationIsVisible = 0;
			defaultConfigurationName = Release;
		};
		FCA216652D3BD26C0083419F /* Build configuration list for PBXNativeTarget "BookSpecialist" */ = {
			isa = XCConfigurationList;
			buildConfigurations = (
				FCA216662D3BD26C0083419F /* Debug */,
				FCA216672D3BD26C0083419F /* Release */,
			);
			defaultConfigurationIsVisible = 0;
			defaultConfigurationName = Release;
		};
/* End XCConfigurationList section */

/* Begin XCRemoteSwiftPackageReference section */
		FC2534F72D5A4B59005D4A14 /* XCRemoteSwiftPackageReference "firebase-ios-sdk" */ = {
			isa = XCRemoteSwiftPackageReference;
			repositoryURL = "https://github.com/firebase/firebase-ios-sdk";
			requirement = {
				kind = upToNextMajorVersion;
				minimumVersion = 11.8.1;
			};
		};
/* End XCRemoteSwiftPackageReference section */

/* Begin XCSwiftPackageProductDependency section */
		FC2534F82D5A4B59005D4A14 /* FirebaseAuth */ = {
			isa = XCSwiftPackageProductDependency;
			package = FC2534F72D5A4B59005D4A14 /* XCRemoteSwiftPackageReference "firebase-ios-sdk" */;
			productName = FirebaseAuth;
		};
		FC2534FA2D5A4B59005D4A14 /* FirebaseFirestore */ = {
			isa = XCSwiftPackageProductDependency;
			package = FC2534F72D5A4B59005D4A14 /* XCRemoteSwiftPackageReference "firebase-ios-sdk" */;
			productName = FirebaseFirestore;
		};
		FC2534FC2D5A4B59005D4A14 /* FirebaseStorage */ = {
			isa = XCSwiftPackageProductDependency;
			package = FC2534F72D5A4B59005D4A14 /* XCRemoteSwiftPackageReference "firebase-ios-sdk" */;
			productName = FirebaseStorage;
		};
/* End XCSwiftPackageProductDependency section */
	};
	rootObject = FCA2164F2D3BD26B0083419F /* Project object */;
}
